
Microsoft Visual Studio Solution File, Format Version 12.00
# Visual Studio Version 17
VisualStudioVersion = 17.13.35919.96 d17.13
MinimumVisualStudioVersion = 10.0.40219.1
Project("{FAE04EC0-301F-11D3-BF4B-00C04F79EFBC}") = "NestedClassess", "NestedClassess\NestedClassess.csproj", "{DA298858-A7E2-48C7-9122-D496A4164E7F}"
EndProject
Global
	GlobalSection(SolutionConfigurationPlatforms) = preSolution
		Debug|Any CPU = Debug|Any CPU
		Release|Any CPU = Release|Any CPU
	EndGlobalSection
	GlobalSection(ProjectConfigurationPlatforms) = postSolution
		{DA298858-A7E2-48C7-9122-D496A4164E7F}.Debug|Any CPU.ActiveCfg = Debug|Any CPU
		{DA298858-A7E2-48C7-9122-D496A4164E7F}.Debug|Any CPU.Build.0 = Debug|Any CPU
		{DA298858-A7E2-48C7-9122-D496A4164E7F}.Release|Any CPU.ActiveCfg = Release|Any CPU
		{DA298858-A7E2-48C7-9122-D496A4164E7F}.Release|Any CPU.Build.0 = Release|Any CPU
	EndGlobalSection
	GlobalSection(SolutionProperties) = preSolution
		HideSolutionNode = FALSE
	EndGlobalSection
	GlobalSection(ExtensibilityGlobals) = postSolution
		SolutionGuid = {BA04080F-4ABE-46C1-A33E-CCF5F0366F1A}
	EndGlobalSection
EndGlobal
