Microsoft Visual Studio Solution File, Format Version 12.00
# Visual Studio Version 17
VisualStudioVersion = 17.5.2.0
MinimumVisualStudioVersion = 10.0.40219.1
Project("{FAE04EC0-301F-11D3-BF4B-00C04F79EFBC}") = "typechecking", "typechecking\typechecking.csproj", "{32AAB446-F7AE-631A-95EE-3EBF91DDA905}"
EndProject
Global
	GlobalSection(SolutionConfigurationPlatforms) = preSolution
		Debug|Any CPU = Debug|Any CPU
		Release|Any CPU = Release|Any CPU
	EndGlobalSection
	GlobalSection(ProjectConfigurationPlatforms) = postSolution
		{32AAB446-F7AE-631A-95EE-3EBF91DDA905}.Debug|Any CPU.ActiveCfg = Debug|Any CPU
		{32AAB446-F7AE-631A-95EE-3EBF91DDA905}.Debug|Any CPU.Build.0 = Debug|Any CPU
		{32AAB446-F7AE-631A-95EE-3EBF91DDA905}.Release|Any CPU.ActiveCfg = Release|Any CPU
		{32AAB446-F7AE-631A-95EE-3EBF91DDA905}.Release|Any CPU.Build.0 = Release|Any CPU
	EndGlobalSection
	GlobalSection(SolutionProperties) = preSolution
		HideSolutionNode = FALSE
	EndGlobalSection
	GlobalSection(ExtensibilityGlobals) = postSolution
		SolutionGuid = {1821492D-45A0-49EC-B0DA-D50ABC095BB4}
	EndGlobalSection
EndGlobal
