
Microsoft Visual Studio Solution File, Format Version 12.00
# Visual Studio Version 17
VisualStudioVersion = 17.13.35919.96 d17.13
MinimumVisualStudioVersion = 10.0.40219.1
Project("{FAE04EC0-301F-11D3-BF4B-00C04F79EFBC}") = "SeconProject", "SeconProject\SeconProject.csproj", "{C0AD1880-4269-498A-A407-5CAD1203A875}"
EndProject
Global
	GlobalSection(SolutionConfigurationPlatforms) = preSolution
		Debug|Any CPU = Debug|Any CPU
		Release|Any CPU = Release|Any CPU
	EndGlobalSection
	GlobalSection(ProjectConfigurationPlatforms) = postSolution
		{C0AD1880-4269-498A-A407-5CAD1203A875}.Debug|Any CPU.ActiveCfg = Debug|Any CPU
		{C0AD1880-4269-498A-A407-5CAD1203A875}.Debug|Any CPU.Build.0 = Debug|Any CPU
		{C0AD1880-4269-498A-A407-5CAD1203A875}.Release|Any CPU.ActiveCfg = Release|Any CPU
		{C0AD1880-4269-498A-A407-5CAD1203A875}.Release|Any CPU.Build.0 = Release|Any CPU
	EndGlobalSection
	GlobalSection(SolutionProperties) = preSolution
		HideSolutionNode = FALSE
	EndGlobalSection
	GlobalSection(ExtensibilityGlobals) = postSolution
		SolutionGuid = {22FA8B1F-4099-42FD-89E3-4907329899CE}
	EndGlobalSection
EndGlobal
