
Microsoft Visual Studio Solution File, Format Version 12.00
# Visual Studio Version 17
VisualStudioVersion = 17.13.35919.96 d17.13
MinimumVisualStudioVersion = 10.0.40219.1
Project("{FAE04EC0-301F-11D3-BF4B-00C04F79EFBC}") = "CalculatorApp", "CalculatorApp\CalculatorApp.csproj", "{3945A220-3649-4A0E-A23D-E15F224DC10A}"
EndProject
Global
	GlobalSection(SolutionConfigurationPlatforms) = preSolution
		Debug|Any CPU = Debug|Any CPU
		Release|Any CPU = Release|Any CPU
	EndGlobalSection
	GlobalSection(ProjectConfigurationPlatforms) = postSolution
		{3945A220-3649-4A0E-A23D-E15F224DC10A}.Debug|Any CPU.ActiveCfg = Debug|Any CPU
		{3945A220-3649-4A0E-A23D-E15F224DC10A}.Debug|Any CPU.Build.0 = Debug|Any CPU
		{3945A220-3649-4A0E-A23D-E15F224DC10A}.Release|Any CPU.ActiveCfg = Release|Any CPU
		{3945A220-3649-4A0E-A23D-E15F224DC10A}.Release|Any CPU.Build.0 = Release|Any CPU
	EndGlobalSection
	GlobalSection(SolutionProperties) = preSolution
		HideSolutionNode = FALSE
	EndGlobalSection
	GlobalSection(ExtensibilityGlobals) = postSolution
		SolutionGuid = {87C9C610-0FD9-49E4-8E15-31A0C40E1CCC}
	EndGlobalSection
EndGlobal
