
Microsoft Visual Studio Solution File, Format Version 12.00
# Visual Studio Version 17
VisualStudioVersion = 17.13.35919.96 d17.13
MinimumVisualStudioVersion = 10.0.40219.1
Project("{FAE04EC0-301F-11D3-BF4B-00C04F79EFBC}") = "SystemExceptions", "SystemExceptions\SystemExceptions.csproj", "{0EAB2730-8478-44F9-8809-5FE4E49AE6D4}"
EndProject
Global
	GlobalSection(SolutionConfigurationPlatforms) = preSolution
		Debug|Any CPU = Debug|Any CPU
		Release|Any CPU = Release|Any CPU
	EndGlobalSection
	GlobalSection(ProjectConfigurationPlatforms) = postSolution
		{0EAB2730-8478-44F9-8809-5FE4E49AE6D4}.Debug|Any CPU.ActiveCfg = Debug|Any CPU
		{0EAB2730-8478-44F9-8809-5FE4E49AE6D4}.Debug|Any CPU.Build.0 = Debug|Any CPU
		{0EAB2730-8478-44F9-8809-5FE4E49AE6D4}.Release|Any CPU.ActiveCfg = Release|Any CPU
		{0EAB2730-8478-44F9-8809-5FE4E49AE6D4}.Release|Any CPU.Build.0 = Release|Any CPU
	EndGlobalSection
	GlobalSection(SolutionProperties) = preSolution
		HideSolutionNode = FALSE
	EndGlobalSection
	GlobalSection(ExtensibilityGlobals) = postSolution
		SolutionGuid = {B9E891F7-F31A-42EE-A8D7-B8F9A350118F}
	EndGlobalSection
EndGlobal
