
Microsoft Visual Studio Solution File, Format Version 12.00
# Visual Studio Version 17
VisualStudioVersion = 17.13.35919.96 d17.13
MinimumVisualStudioVersion = 10.0.40219.1
Project("{FAE04EC0-301F-11D3-BF4B-00C04F79EFBC}") = "ExamEmployee", "ExamEmployee\ExamEmployee.csproj", "{FC5649D3-3992-4B6D-BAE7-BA42EAED2CE6}"
EndProject
Global
	GlobalSection(SolutionConfigurationPlatforms) = preSolution
		Debug|Any CPU = Debug|Any CPU
		Release|Any CPU = Release|Any CPU
	EndGlobalSection
	GlobalSection(ProjectConfigurationPlatforms) = postSolution
		{FC5649D3-3992-4B6D-BAE7-BA42EAED2CE6}.Debug|Any CPU.ActiveCfg = Debug|Any CPU
		{FC5649D3-3992-4B6D-BAE7-BA42EAED2CE6}.Debug|Any CPU.Build.0 = Debug|Any CPU
		{FC5649D3-3992-4B6D-BAE7-BA42EAED2CE6}.Release|Any CPU.ActiveCfg = Release|Any CPU
		{FC5649D3-3992-4B6D-BAE7-BA42EAED2CE6}.Release|Any CPU.Build.0 = Release|Any CPU
	EndGlobalSection
	GlobalSection(SolutionProperties) = preSolution
		HideSolutionNode = FALSE
	EndGlobalSection
	GlobalSection(ExtensibilityGlobals) = postSolution
		SolutionGuid = {F8471258-197E-4E96-AF3B-258FB8795EDE}
	EndGlobalSection
EndGlobal
