
Microsoft Visual Studio Solution File, Format Version 12.00
# Visual Studio Version 17
VisualStudioVersion = 17.13.35919.96 d17.13
MinimumVisualStudioVersion = 10.0.40219.1
Project("{FAE04EC0-301F-11D3-BF4B-00C04F79EFBC}") = "Datatypes", "Datatypes\Datatypes.csproj", "{B43160E8-D035-4491-A075-FE1103E0D616}"
EndProject
Global
	GlobalSection(SolutionConfigurationPlatforms) = preSolution
		Debug|Any CPU = Debug|Any CPU
		Release|Any CPU = Release|Any CPU
	EndGlobalSection
	GlobalSection(ProjectConfigurationPlatforms) = postSolution
		{B43160E8-D035-4491-A075-FE1103E0D616}.Debug|Any CPU.ActiveCfg = Debug|Any CPU
		{B43160E8-D035-4491-A075-FE1103E0D616}.Debug|Any CPU.Build.0 = Debug|Any CPU
		{B43160E8-D035-4491-A075-FE1103E0D616}.Release|Any CPU.ActiveCfg = Release|Any CPU
		{B43160E8-D035-4491-A075-FE1103E0D616}.Release|Any CPU.Build.0 = Release|Any CPU
	EndGlobalSection
	GlobalSection(SolutionProperties) = preSolution
		HideSolutionNode = FALSE
	EndGlobalSection
	GlobalSection(ExtensibilityGlobals) = postSolution
		SolutionGuid = {E4BDFF0F-EFA2-4F3A-BEE8-68C9579D97AF}
	EndGlobalSection
EndGlobal
