Microsoft Visual Studio Solution File, Format Version 12.00
# Visual Studio Version 17
VisualStudioVersion = 17.5.2.0
MinimumVisualStudioVersion = 10.0.40219.1
Project("{FAE04EC0-301F-11D3-BF4B-00C04F79EFBC}") = "StringMethods", "StringMethods.csproj", "{484FC2C1-3D3A-BF35-489D-8F81C38EDBBB}"
EndProject
Global
	GlobalSection(SolutionConfigurationPlatforms) = preSolution
		Debug|Any CPU = Debug|Any CPU
		Release|Any CPU = Release|Any CPU
	EndGlobalSection
	GlobalSection(ProjectConfigurationPlatforms) = postSolution
		{484FC2C1-3D3A-BF35-489D-8F81C38EDBBB}.Debug|Any CPU.ActiveCfg = Debug|Any CPU
		{484FC2C1-3D3A-BF35-489D-8F81C38EDBBB}.Debug|Any CPU.Build.0 = Debug|Any CPU
		{484FC2C1-3D3A-BF35-489D-8F81C38EDBBB}.Release|Any CPU.ActiveCfg = Release|Any CPU
		{484FC2C1-3D3A-BF35-489D-8F81C38EDBBB}.Release|Any CPU.Build.0 = Release|Any CPU
	EndGlobalSection
	GlobalSection(SolutionProperties) = preSolution
		HideSolutionNode = FALSE
	EndGlobalSection
	GlobalSection(ExtensibilityGlobals) = postSolution
		SolutionGuid = {2BD26AB4-4BE8-4B52-A18D-BD79F351BAB7}
	EndGlobalSection
EndGlobal
