
Microsoft Visual Studio Solution File, Format Version 12.00
# Visual Studio Version 17
VisualStudioVersion = 17.13.35919.96 d17.13
MinimumVisualStudioVersion = 10.0.40219.1
Project("{FAE04EC0-301F-11D3-BF4B-00C04F79EFBC}") = "MethodOverloading", "MethodOverloading\MethodOverloading.csproj", "{46BB6040-3CB9-4902-A948-F65CB1795267}"
EndProject
Global
	GlobalSection(SolutionConfigurationPlatforms) = preSolution
		Debug|Any CPU = Debug|Any CPU
		Release|Any CPU = Release|Any CPU
	EndGlobalSection
	GlobalSection(ProjectConfigurationPlatforms) = postSolution
		{46BB6040-3CB9-4902-A948-F65CB1795267}.Debug|Any CPU.ActiveCfg = Debug|Any CPU
		{46BB6040-3CB9-4902-A948-F65CB1795267}.Debug|Any CPU.Build.0 = Debug|Any CPU
		{46BB6040-3CB9-4902-A948-F65CB1795267}.Release|Any CPU.ActiveCfg = Release|Any CPU
		{46BB6040-3CB9-4902-A948-F65CB1795267}.Release|Any CPU.Build.0 = Release|Any CPU
	EndGlobalSection
	GlobalSection(SolutionProperties) = preSolution
		HideSolutionNode = FALSE
	EndGlobalSection
	GlobalSection(ExtensibilityGlobals) = postSolution
		SolutionGuid = {D6A181E9-745F-4201-8F17-E409295F581A}
	EndGlobalSection
EndGlobal
